<?xml version="1.0" encoding="utf-8"?>
<Project ToolsVersion="4.0" xmlns="http://schemas.microsoft.com/developer/msbuild/2003">
  <ItemGroup>
    <Filter Include="Source Files">
      <UniqueIdentifier>{4FC737F1-C7A5-4376-A066-2A32D752A2FF}</UniqueIdentifier>
      <Extensions>cpp;c;cc;cxx;c++;cppm;ixx;def;odl;idl;hpj;bat;asm;asmx</Extensions>
    </Filter>
    <Filter Include="Header Files">
      <UniqueIdentifier>{93995380-89BD-4b04-88EB-625FBE52EBFB}</UniqueIdentifier>
      <Extensions>h;hh;hpp;hxx;h++;hm;inl;inc;ipp;xsd</Extensions>
    </Filter>
    <Filter Include="Resource Files">
      <UniqueIdentifier>{67DA6AB6-F800-4c08-8B7A-83BB121AAD01}</UniqueIdentifier>
      <Extensions>rc;ico;cur;bmp;dlg;rc2;rct;bin;rgs;gif;jpg;jpeg;jpe;resx;tiff;tif;png;wav;mfcribbon-ms</Extensions>
    </Filter>
  </ItemGroup>
  <ItemGroup>
    <ClCompile Include="RasterGraphics.cpp">
      <Filter>Source Files</Filter>
    </ClCompile>
    <ClCompile Include="Image\Image.cpp">
      <Filter>Source Files</Filter>
    </ClCompile>
    <ClCompile Include="String\String.cpp">
      <Filter>Source Files</Filter>
    </ClCompile>
    <ClCompile Include="Image\ImagePBM.cpp">
      <Filter>Source Files</Filter>
    </ClCompile>
    <ClCompile Include="Image\ImagePGM.cpp">
      <Filter>Source Files</Filter>
    </ClCompile>
    <ClCompile Include="Image\ImagePPM.cpp">
      <Filter>Source Files</Filter>
    </ClCompile>
    <ClCompile Include="Factories\ImageFactory.cpp">
      <Filter>Source Files</Filter>
    </ClCompile>
    <ClCompile Include="Collections\Bitset.cpp">
      <Filter>Source Files</Filter>
    </ClCompile>
    <ClCompile Include="Session\Session.cpp">
      <Filter>Source Files</Filter>
    </ClCompile>
    <ClCompile Include="Command\Command.cpp">
      <Filter>Source Files</Filter>
    </ClCompile>
    <ClCompile Include="System\System.cpp">
      <Filter>Source Files</Filter>
    </ClCompile>
    <ClCompile Include="Command\Transformation\Transformation.cpp">
      <Filter>Source Files</Filter>
    </ClCompile>
    <ClCompile Include="Command\Transformation\Grayscale.cpp">
      <Filter>Source Files</Filter>
    </ClCompile>
    <ClCompile Include="Command\Transformation\Monochrome.cpp">
      <Filter>Source Files</Filter>
    </ClCompile>
    <ClCompile Include="Command\Transformation\Negative.cpp">
      <Filter>Source Files</Filter>
    </ClCompile>
    <ClCompile Include="Command\Transformation\RotateLeft.cpp">
      <Filter>Source Files</Filter>
    </ClCompile>
    <ClCompile Include="Command\Transformation\RotateRight.cpp">
      <Filter>Source Files</Filter>
    </ClCompile>
    <ClCompile Include="Command\Commands\Help.cpp">
      <Filter>Source Files</Filter>
    </ClCompile>
    <ClCompile Include="Command\Commands\Undo.cpp">
      <Filter>Source Files</Filter>
    </ClCompile>
    <ClCompile Include="Command\Commands\Switch.cpp">
      <Filter>Source Files</Filter>
    </ClCompile>
    <ClCompile Include="Command\Commands\SessionInfo.cpp">
      <Filter>Source Files</Filter>
    </ClCompile>
    <ClCompile Include="Command\Commands\Save.cpp">
      <Filter>Source Files</Filter>
    </ClCompile>
    <ClCompile Include="Command\Commands\Close.cpp">
      <Filter>Source Files</Filter>
    </ClCompile>
    <ClCompile Include="Command\Commands\Exit.cpp">
      <Filter>Source Files</Filter>
    </ClCompile>
    <ClCompile Include="Command\Commands\Load.cpp">
      <Filter>Source Files</Filter>
    </ClCompile>
    <ClCompile Include="Command\Commands\Add.cpp">
      <Filter>Source Files</Filter>
    </ClCompile>
    <ClCompile Include="Utilities\Utilities.cpp">
      <Filter>Source Files</Filter>
    </ClCompile>
    <ClCompile Include="Factories\CommandFactory.cpp">
      <Filter>Source Files</Filter>
    </ClCompile>
    <ClCompile Include="Command\Commands\Collage.cpp">
      <Filter>Source Files</Filter>
    </ClCompile>
  </ItemGroup>
  <ItemGroup>
    <ClInclude Include="Image\Image.h">
      <Filter>Header Files</Filter>
    </ClInclude>
    <ClInclude Include="String\String.h">
      <Filter>Header Files</Filter>
    </ClInclude>
    <ClInclude Include="Image\ImagePBM.h">
      <Filter>Header Files</Filter>
    </ClInclude>
    <ClInclude Include="Image\ImagePGM.h">
      <Filter>Header Files</Filter>
    </ClInclude>
    <ClInclude Include="Image\ImagePPM.h">
      <Filter>Header Files</Filter>
    </ClInclude>
    <ClInclude Include="Factories\ImageFactory.h">
      <Filter>Header Files</Filter>
    </ClInclude>
    <ClInclude Include="Collections\Bitset.h">
      <Filter>Header Files</Filter>
    </ClInclude>
    <ClInclude Include="Collections\Vector.hpp">
      <Filter>Header Files</Filter>
    </ClInclude>
    <ClInclude Include="Session\Session.h">
      <Filter>Header Files</Filter>
    </ClInclude>
    <ClInclude Include="Command\Command.h">
      <Filter>Header Files</Filter>
    </ClInclude>
    <ClInclude Include="Collections\PolymorphicPtr.hpp">
      <Filter>Header Files</Filter>
    </ClInclude>
    <ClInclude Include="System\System.h">
      <Filter>Header Files</Filter>
    </ClInclude>
    <ClInclude Include="Command\Transformation\Transformation.h">
      <Filter>Header Files</Filter>
    </ClInclude>
    <ClInclude Include="Command\Transformation\Grayscale.h">
      <Filter>Header Files</Filter>
    </ClInclude>
    <ClInclude Include="Command\Transformation\Monochrome.h">
      <Filter>Header Files</Filter>
    </ClInclude>
    <ClInclude Include="Command\Transformation\Negative.h">
      <Filter>Header Files</Filter>
    </ClInclude>
    <ClInclude Include="Command\Transformation\RotateLeft.h">
      <Filter>Header Files</Filter>
    </ClInclude>
    <ClInclude Include="Command\Transformation\RotateRight.h">
      <Filter>Header Files</Filter>
    </ClInclude>
    <ClInclude Include="Command\Commands\Help.h">
      <Filter>Header Files</Filter>
    </ClInclude>
    <ClInclude Include="Command\Commands\Undo.h">
      <Filter>Header Files</Filter>
    </ClInclude>
    <ClInclude Include="Command\Commands\Switch.h">
      <Filter>Header Files</Filter>
    </ClInclude>
    <ClInclude Include="Command\Commands\SessionInfo.h">
      <Filter>Header Files</Filter>
    </ClInclude>
    <ClInclude Include="Command\Commands\Save.h">
      <Filter>Header Files</Filter>
    </ClInclude>
    <ClInclude Include="Command\Commands\Close.h">
      <Filter>Header Files</Filter>
    </ClInclude>
    <ClInclude Include="Command\Commands\Exit.h">
      <Filter>Header Files</Filter>
    </ClInclude>
    <ClInclude Include="Command\Commands\Load.h">
      <Filter>Header Files</Filter>
    </ClInclude>
    <ClInclude Include="Command\Commands\Add.h">
      <Filter>Header Files</Filter>
    </ClInclude>
    <ClInclude Include="Utilities\Utilities.h">
      <Filter>Header Files</Filter>
    </ClInclude>
    <ClInclude Include="Factories\CommandFactory.h">
      <Filter>Header Files</Filter>
    </ClInclude>
    <ClInclude Include="Command\Commands\Collage.h">
      <Filter>Header Files</Filter>
    </ClInclude>
  </ItemGroup>
</Project>